
Microsoft Visual Studio Solution File, Format Version 12.00
# Visual Studio 15
VisualStudioVersion = 15.0.28307.329
MinimumVisualStudioVersion = 10.0.40219.1
Project("{2150E333-8FDC-42A3-9474-1A3956D46DE8}") = "Solution Items", "Solution Items", "{74620896-82F1-4576-921B-A6824AF59AEA}"
	ProjectSection(SolutionItems) = preProject
		.gitignore = .gitignore
		README.md = README.md
	EndProjectSection
EndProject
Project("{FAE04EC0-301F-11D3-BF4B-00C04F79EFBC}") = "GameArchiveSync.Business", "GameArchiveSync.Business\GameArchiveSync.Business.csproj", "{44B4368E-E13D-4508-ABCD-253EAC8BD6A8}"
EndProject
Project("{FAE04EC0-301F-11D3-BF4B-00C04F79EFBC}") = "GameArchiveSync.App", "GameArchiveSync.App\GameArchiveSync.App.csproj", "{6366A03D-508C-4A19-B562-055A13844572}"
EndProject
Global
	GlobalSection(SolutionConfigurationPlatforms) = preSolution
		Debug|Any CPU = Debug|Any CPU
		Release|Any CPU = Release|Any CPU
	EndGlobalSection
	GlobalSection(ProjectConfigurationPlatforms) = postSolution
		{44B4368E-E13D-4508-ABCD-253EAC8BD6A8}.Debug|Any CPU.ActiveCfg = Debug|Any CPU
		{44B4368E-E13D-4508-ABCD-253EAC8BD6A8}.Debug|Any CPU.Build.0 = Debug|Any CPU
		{44B4368E-E13D-4508-ABCD-253EAC8BD6A8}.Release|Any CPU.ActiveCfg = Release|Any CPU
		{44B4368E-E13D-4508-ABCD-253EAC8BD6A8}.Release|Any CPU.Build.0 = Release|Any CPU
		{6366A03D-508C-4A19-B562-055A13844572}.Debug|Any CPU.ActiveCfg = Debug|Any CPU
		{6366A03D-508C-4A19-B562-055A13844572}.Debug|Any CPU.Build.0 = Debug|Any CPU
		{6366A03D-508C-4A19-B562-055A13844572}.Release|Any CPU.ActiveCfg = Release|Any CPU
		{6366A03D-508C-4A19-B562-055A13844572}.Release|Any CPU.Build.0 = Release|Any CPU
	EndGlobalSection
	GlobalSection(SolutionProperties) = preSolution
		HideSolutionNode = FALSE
	EndGlobalSection
	GlobalSection(ExtensibilityGlobals) = postSolution
		SolutionGuid = {90315488-7F25-4E13-AE26-D1538D592B84}
	EndGlobalSection
EndGlobal
